
Microsoft Visual Studio Solution File, Format Version 12.00
# Visual Studio Version 17
VisualStudioVersion = 17.14.37027.9 d17.14
MinimumVisualStudioVersion = 10.0.40219.1
Project("{FAE04EC0-301F-11D3-BF4B-00C04F79EFBC}") = "VSFormsManager", "VSFormsManager\VSFormsManager.csproj", "{F25CBD4E-E9C5-4BF6-B65D-14192D151243}"
EndProject
Global
	GlobalSection(SolutionConfigurationPlatforms) = preSolution
		Debug|Any CPU = Debug|Any CPU
		Release|Any CPU = Release|Any CPU
	EndGlobalSection
	GlobalSection(ProjectConfigurationPlatforms) = postSolution
		{F25CBD4E-E9C5-4BF6-B65D-14192D151243}.Debug|Any CPU.ActiveCfg = Debug|Any CPU
		{F25CBD4E-E9C5-4BF6-B65D-14192D151243}.Debug|Any CPU.Build.0 = Debug|Any CPU
		{F25CBD4E-E9C5-4BF6-B65D-14192D151243}.Release|Any CPU.ActiveCfg = Release|Any CPU
		{F25CBD4E-E9C5-4BF6-B65D-14192D151243}.Release|Any CPU.Build.0 = Release|Any CPU
	EndGlobalSection
	GlobalSection(SolutionProperties) = preSolution
		HideSolutionNode = FALSE
	EndGlobalSection
	GlobalSection(ExtensibilityGlobals) = postSolution
		SolutionGuid = {E8841F3C-6091-48CA-95DC-E5B8A70E8776}
	EndGlobalSection
EndGlobal
